// !$*UTF8*$!
{
	archiveVersion = 1;
	classes = {
	};
	objectVersion = 50;
	objects = {

/* Begin PBXBuildFile section */
		BF4C193A24F9573F00627D30 /* AppDelegate.swift in Sources */ = {isa = PBXBuildFile; fileRef = BF4C193924F9573F00627D30 /* AppDelegate.swift */; };
		BF4C193C24F9573F00627D30 /* SceneDelegate.swift in Sources */ = {isa = PBXBuildFile; fileRef = BF4C193B24F9573F00627D30 /* SceneDelegate.swift */; };
		BF4C194124F9573F00627D30 /* Main.storyboard in Resources */ = {isa = PBXBuildFile; fileRef = BF4C193F24F9573F00627D30 /* Main.storyboard */; };
		BF4C194324F9574100627D30 /* Assets.xcassets in Resources */ = {isa = PBXBuildFile; fileRef = BF4C194224F9574100627D30 /* Assets.xcassets */; };
		BF4C195424F9599100627D30 /* pairs.swift in Sources */ = {isa = PBXBuildFile; fileRef = BF4C195324F9599100627D30 /* pairs.swift */; };
		BF4C195724F95A2A00627D30 /* pairController.swift in Sources */ = {isa = PBXBuildFile; fileRef = BF4C195624F95A2A00627D30 /* pairController.swift */; };
		BF4C195A24F95A5900627D30 /* PairListTableViewController.swift in Sources */ = {isa = PBXBuildFile; fileRef = BF4C195924F95A5900627D30 /* PairListTableViewController.swift */; };
/* End PBXBuildFile section */

/* Begin PBXFileReference section */
		BF4C193624F9573F00627D30 /* BensAssesment6.app */ = {isa = PBXFileReference; explicitFileType = wrapper.application; includeInIndex = 0; path = BensAssesment6.app; sourceTree = BUILT_PRODUCTS_DIR; };
		BF4C193924F9573F00627D30 /* AppDelegate.swift */ = {isa = PBXFileReference; lastKnownFileType = sourcecode.swift; path = AppDelegate.swift; sourceTree = "<group>"; };
		BF4C193B24F9573F00627D30 /* SceneDelegate.swift */ = {isa = PBXFileReference; lastKnownFileType = sourcecode.swift; path = SceneDelegate.swift; sourceTree = "<group>"; };
		BF4C194024F9573F00627D30 /* Base */ = {isa = PBXFileReference; lastKnownFileType = file.storyboard; name = Base; path = Base.lproj/Main.storyboard; sourceTree = "<group>"; };
		BF4C194224F9574100627D30 /* Assets.xcassets */ = {isa = PBXFileReference; lastKnownFileType = folder.assetcatalog; path = Assets.xcassets; sourceTree = "<group>"; };
		BF4C194724F9574100627D30 /* Info.plist */ = {isa = PBXFileReference; lastKnownFileType = text.plist.xml; path = Info.plist; sourceTree = "<group>"; };
		BF4C195324F9599100627D30 /* pairs.swift */ = {isa = PBXFileReference; lastKnownFileType = sourcecode.swift; path = pairs.swift; sourceTree = "<group>"; };
		BF4C195624F95A2A00627D30 /* pairController.swift */ = {isa = PBXFileReference; lastKnownFileType = sourcecode.swift; path = pairController.swift; sourceTree = "<group>"; };
		BF4C195924F95A5900627D30 /* PairListTableViewController.swift */ = {isa = PBXFileReference; lastKnownFileType = sourcecode.swift; path = PairListTableViewController.swift; sourceTree = "<group>"; };
/* End PBXFileReference section */

/* Begin PBXFrameworksBuildPhase section */
		BF4C193324F9573F00627D30 /* Frameworks */ = {
			isa = PBXFrameworksBuildPhase;
			buildActionMask = 2147483647;
			files = (
			);
			runOnlyForDeploymentPostprocessing = 0;
		};
/* End PBXFrameworksBuildPhase section */

/* Begin PBXGroup section */
		BF4C192D24F9573F00627D30 = {
			isa = PBXGroup;
			children = (
				BF4C193824F9573F00627D30 /* BensAssesment6 */,
				BF4C193724F9573F00627D30 /* Products */,
			);
			sourceTree = "<group>";
		};
		BF4C193724F9573F00627D30 /* Products */ = {
			isa = PBXGroup;
			children = (
				BF4C193624F9573F00627D30 /* BensAssesment6.app */,
			);
			name = Products;
			sourceTree = "<group>";
		};
		BF4C193824F9573F00627D30 /* BensAssesment6 */ = {
			isa = PBXGroup;
			children = (
				BF4C195224F957E900627D30 /* Models */,
				BF4C195124F957E000627D30 /* helpers */,
				BF4C195024F957D200627D30 /* Controllers */,
				BF4C194E24F957A000627D30 /* views */,
				BF4C194D24F9575300627D30 /* resources */,
			);
			path = BensAssesment6;
			sourceTree = "<group>";
		};
		BF4C194D24F9575300627D30 /* resources */ = {
			isa = PBXGroup;
			children = (
				BF4C194224F9574100627D30 /* Assets.xcassets */,
				BF4C193924F9573F00627D30 /* AppDelegate.swift */,
				BF4C193B24F9573F00627D30 /* SceneDelegate.swift */,
				BF4C194724F9574100627D30 /* Info.plist */,
			);
			path = resources;
			sourceTree = "<group>";
		};
		BF4C194E24F957A000627D30 /* views */ = {
			isa = PBXGroup;
			children = (
				BF4C194F24F957A800627D30 /* storyboard */,
			);
			path = views;
			sourceTree = "<group>";
		};
		BF4C194F24F957A800627D30 /* storyboard */ = {
			isa = PBXGroup;
			children = (
				BF4C193F24F9573F00627D30 /* Main.storyboard */,
			);
			path = storyboard;
			sourceTree = "<group>";
		};
		BF4C195024F957D200627D30 /* Controllers */ = {
			isa = PBXGroup;
			children = (
				BF4C195824F95A2D00627D30 /* View Controller */,
				BF4C195524F959DC00627D30 /* model Controllers */,
			);
			path = Controllers;
			sourceTree = "<group>";
		};
		BF4C195124F957E000627D30 /* helpers */ = {
			isa = PBXGroup;
			children = (
			);
			path = helpers;
			sourceTree = "<group>";
		};
		BF4C195224F957E900627D30 /* Models */ = {
			isa = PBXGroup;
			children = (
				BF4C195324F9599100627D30 /* pairs.swift */,
			);
			path = Models;
			sourceTree = "<group>";
		};
		BF4C195524F959DC00627D30 /* model Controllers */ = {
			isa = PBXGroup;
			children = (
				BF4C195624F95A2A00627D30 /* pairController.swift */,
			);
			path = "model Controllers";
			sourceTree = "<group>";
		};
		BF4C195824F95A2D00627D30 /* View Controller */ = {
			isa = PBXGroup;
			children = (
				BF4C195924F95A5900627D30 /* PairListTableViewController.swift */,
			);
			path = "View Controller";
			sourceTree = "<group>";
		};
/* End PBXGroup section */

/* Begin PBXNativeTarget section */
		BF4C193524F9573F00627D30 /* BensAssesment6 */ = {
			isa = PBXNativeTarget;
			buildConfigurationList = BF4C194A24F9574100627D30 /* Build configuration list for PBXNativeTarget "BensAssesment6" */;
			buildPhases = (
				BF4C193224F9573F00627D30 /* Sources */,
				BF4C193324F9573F00627D30 /* Frameworks */,
				BF4C193424F9573F00627D30 /* Resources */,
			);
			buildRules = (
			);
			dependencies = (
			);
			name = BensAssesment6;
			productName = BensAssesment6;
			productReference = BF4C193624F9573F00627D30 /* BensAssesment6.app */;
			productType = "com.apple.product-type.application";
		};
/* End PBXNativeTarget section */

/* Begin PBXProject section */
		BF4C192E24F9573F00627D30 /* Project object */ = {
			isa = PBXProject;
			attributes = {
				LastSwiftUpdateCheck = 1160;
				LastUpgradeCheck = 1160;
				ORGANIZATIONNAME = "Ben Brandau";
				TargetAttributes = {
					BF4C193524F9573F00627D30 = {
						CreatedOnToolsVersion = 11.6;
					};
				};
			};
			buildConfigurationList = BF4C193124F9573F00627D30 /* Build configuration list for PBXProject "BensAssesment6" */;
			compatibilityVersion = "Xcode 9.3";
			developmentRegion = en;
			hasScannedForEncodings = 0;
			knownRegions = (
				en,
				Base,
			);
			mainGroup = BF4C192D24F9573F00627D30;
			productRefGroup = BF4C193724F9573F00627D30 /* Products */;
			projectDirPath = "";
			projectRoot = "";
			targets = (
				BF4C193524F9573F00627D30 /* BensAssesment6 */,
			);
		};
/* End PBXProject section */

/* Begin PBXResourcesBuildPhase section */
		BF4C193424F9573F00627D30 /* Resources */ = {
			isa = PBXResourcesBuildPhase;
			buildActionMask = 2147483647;
			files = (
				BF4C194324F9574100627D30 /* Assets.xcassets in Resources */,
				BF4C194124F9573F00627D30 /* Main.storyboard in Resources */,
			);
			runOnlyForDeploymentPostprocessing = 0;
		};
/* End PBXResourcesBuildPhase section */

/* Begin PBXSourcesBuildPhase section */
		BF4C193224F9573F00627D30 /* Sources */ = {
			isa = PBXSourcesBuildPhase;
			buildActionMask = 2147483647;
			files = (
				BF4C193A24F9573F00627D30 /* AppDelegate.swift in Sources */,
				BF4C193C24F9573F00627D30 /* SceneDelegate.swift in Sources */,
				BF4C195424F9599100627D30 /* pairs.swift in Sources */,
				BF4C195724F95A2A00627D30 /* pairController.swift in Sources */,
				BF4C195A24F95A5900627D30 /* PairListTableViewController.swift in Sources */,
			);
			runOnlyForDeploymentPostprocessing = 0;
		};
/* End PBXSourcesBuildPhase section */

/* Begin PBXVariantGroup section */
		BF4C193F24F9573F00627D30 /* Main.storyboard */ = {
			isa = PBXVariantGroup;
			children = (
				BF4C194024F9573F00627D30 /* Base */,
			);
			name = Main.storyboard;
			sourceTree = "<group>";
		};
/* End PBXVariantGroup section */

/* Begin XCBuildConfiguration section */
		BF4C194824F9574100627D30 /* Debug */ = {
			isa = XCBuildConfiguration;
			buildSettings = {
				ALWAYS_SEARCH_USER_PATHS = NO;
				CLANG_ANALYZER_NONNULL = YES;
				CLANG_ANALYZER_NUMBER_OBJECT_CONVERSION = YES_AGGRESSIVE;
				CLANG_CXX_LANGUAGE_STANDARD = "gnu++14";
				CLANG_CXX_LIBRARY = "libc++";
				CLANG_ENABLE_MODULES = YES;
				CLANG_ENABLE_OBJC_ARC = YES;
				CLANG_ENABLE_OBJC_WEAK = YES;
				CLANG_WARN_BLOCK_CAPTURE_AUTORELEASING = YES;
				CLANG_WARN_BOOL_CONVERSION = YES;
				CLANG_WARN_COMMA = YES;
				CLANG_WARN_CONSTANT_CONVERSION = YES;
				CLANG_WARN_DEPRECATED_OBJC_IMPLEMENTATIONS = YES;
				CLANG_WARN_DIRECT_OBJC_ISA_USAGE = YES_ERROR;
				CLANG_WARN_DOCUMENTATION_COMMENTS = YES;
				CLANG_WARN_EMPTY_BODY = YES;
				CLANG_WARN_ENUM_CONVERSION = YES;
				CLANG_WARN_INFINITE_RECURSION = YES;
				CLANG_WARN_INT_CONVERSION = YES;
				CLANG_WARN_NON_LITERAL_NULL_CONVERSION = YES;
				CLANG_WARN_OBJC_IMPLICIT_RETAIN_SELF = YES;
				CLANG_WARN_OBJC_LITERAL_CONVERSION = YES;
				CLANG_WARN_OBJC_ROOT_CLASS = YES_ERROR;
				CLANG_WARN_RANGE_LOOP_ANALYSIS = YES;
				CLANG_WARN_STRICT_PROTOTYPES = YES;
				CLANG_WARN_SUSPICIOUS_MOVE = YES;
				CLANG_WARN_UNGUARDED_AVAILABILITY = YES_AGGRESSIVE;
				CLANG_WARN_UNREACHABLE_CODE = YES;
				CLANG_WARN__DUPLICATE_METHOD_MATCH = YES;
				COPY_PHASE_STRIP = NO;
				DEBUG_INFORMATION_FORMAT = dwarf;
				ENABLE_STRICT_OBJC_MSGSEND = YES;
				ENABLE_TESTABILITY = YES;
				GCC_C_LANGUAGE_STANDARD = gnu11;
				GCC_DYNAMIC_NO_PIC = NO;
				GCC_NO_COMMON_BLOCKS = YES;
				GCC_OPTIMIZATION_LEVEL = 0;
				GCC_PREPROCESSOR_DEFINITIONS = (
					"DEBUG=1",
					"$(inherited)",
				);
				GCC_WARN_64_TO_32_BIT_CONVERSION = YES;
				GCC_WARN_ABOUT_RETURN_TYPE = YES_ERROR;
				GCC_WARN_UNDECLARED_SELECTOR = YES;
				GCC_WARN_UNINITIALIZED_AUTOS = YES_AGGRESSIVE;
				GCC_WARN_UNUSED_FUNCTION = YES;
				GCC_WARN_UNUSED_VARIABLE = YES;
				IPHONEOS_DEPLOYMENT_TARGET = 13.6;
				MTL_ENABLE_DEBUG_INFO = INCLUDE_SOURCE;
				MTL_FAST_MATH = YES;
				ONLY_ACTIVE_ARCH = YES;
				SDKROOT = iphoneos;
				SWIFT_ACTIVE_COMPILATION_CONDITIONS = DEBUG;
				SWIFT_OPTIMIZATION_LEVEL = "-Onone";
			};
			name = Debug;
		};
		BF4C194924F9574100627D30 /* Release */ = {
			isa = XCBuildConfiguration;
			buildSettings = {
				ALWAYS_SEARCH_USER_PATHS = NO;
				CLANG_ANALYZER_NONNULL = YES;
				CLANG_ANALYZER_NUMBER_OBJECT_CONVERSION = YES_AGGRESSIVE;
				CLANG_CXX_LANGUAGE_STANDARD = "gnu++14";
				CLANG_CXX_LIBRARY = "libc++";
				CLANG_ENABLE_MODULES = YES;
				CLANG_ENABLE_OBJC_ARC = YES;
				CLANG_ENABLE_OBJC_WEAK = YES;
				CLANG_WARN_BLOCK_CAPTURE_AUTORELEASING = YES;
				CLANG_WARN_BOOL_CONVERSION = YES;
				CLANG_WARN_COMMA = YES;
				CLANG_WARN_CONSTANT_CONVERSION = YES;
				CLANG_WARN_DEPRECATED_OBJC_IMPLEMENTATIONS = YES;
				CLANG_WARN_DIRECT_OBJC_ISA_USAGE = YES_ERROR;
				CLANG_WARN_DOCUMENTATION_COMMENTS = YES;
				CLANG_WARN_EMPTY_BODY = YES;
				CLANG_WARN_ENUM_CONVERSION = YES;
				CLANG_WARN_INFINITE_RECURSION = YES;
				CLANG_WARN_INT_CONVERSION = YES;
				CLANG_WARN_NON_LITERAL_NULL_CONVERSION = YES;
				CLANG_WARN_OBJC_IMPLICIT_RETAIN_SELF = YES;
				CLANG_WARN_OBJC_LITERAL_CONVERSION = YES;
				CLANG_WARN_OBJC_ROOT_CLASS = YES_ERROR;
				CLANG_WARN_RANGE_LOOP_ANALYSIS = YES;
				CLANG_WARN_STRICT_PROTOTYPES = YES;
				CLANG_WARN_SUSPICIOUS_MOVE = YES;
				CLANG_WARN_UNGUARDED_AVAILABILITY = YES_AGGRESSIVE;
				CLANG_WARN_UNREACHABLE_CODE = YES;
				CLANG_WARN__DUPLICATE_METHOD_MATCH = YES;
				COPY_PHASE_STRIP = NO;
				DEBUG_INFORMATION_FORMAT = "dwarf-with-dsym";
				ENABLE_NS_ASSERTIONS = NO;
				ENABLE_STRICT_OBJC_MSGSEND = YES;
				GCC_C_LANGUAGE_STANDARD = gnu11;
				GCC_NO_COMMON_BLOCKS = YES;
				GCC_WARN_64_TO_32_BIT_CONVERSION = YES;
				GCC_WARN_ABOUT_RETURN_TYPE = YES_ERROR;
				GCC_WARN_UNDECLARED_SELECTOR = YES;
				GCC_WARN_UNINITIALIZED_AUTOS = YES_AGGRESSIVE;
				GCC_WARN_UNUSED_FUNCTION = YES;
				GCC_WARN_UNUSED_VARIABLE = YES;
				IPHONEOS_DEPLOYMENT_TARGET = 13.6;
				MTL_ENABLE_DEBUG_INFO = NO;
				MTL_FAST_MATH = YES;
				SDKROOT = iphoneos;
				SWIFT_COMPILATION_MODE = wholemodule;
				SWIFT_OPTIMIZATION_LEVEL = "-O";
				VALIDATE_PRODUCT = YES;
			};
			name = Release;
		};
		BF4C194B24F9574100627D30 /* Debug */ = {
			isa = XCBuildConfiguration;
			buildSettings = {
				ASSETCATALOG_COMPILER_APPICON_NAME = AppIcon;
				CODE_SIGN_STYLE = Automatic;
				DEVELOPMENT_TEAM = 73V52F7L32;
				INFOPLIST_FILE = BensAssesment6/resources/Info.plist;
				LD_RUNPATH_SEARCH_PATHS = (
					"$(inherited)",
					"@executable_path/Frameworks",
				);
				PRODUCT_BUNDLE_IDENTIFIER = com.Brandau.BensAssesment6;
				PRODUCT_NAME = "$(TARGET_NAME)";
				SWIFT_VERSION = 5.0;
				TARGETED_DEVICE_FAMILY = "1,2";
			};
			name = Debug;
		};
		BF4C194C24F9574100627D30 /* Release */ = {
			isa = XCBuildConfiguration;
			buildSettings = {
				ASSETCATALOG_COMPILER_APPICON_NAME = AppIcon;
				CODE_SIGN_STYLE = Automatic;
				DEVELOPMENT_TEAM = 73V52F7L32;
				INFOPLIST_FILE = BensAssesment6/resources/Info.plist;
				LD_RUNPATH_SEARCH_PATHS = (
					"$(inherited)",
					"@executable_path/Frameworks",
				);
				PRODUCT_BUNDLE_IDENTIFIER = com.Brandau.BensAssesment6;
				PRODUCT_NAME = "$(TARGET_NAME)";
				SWIFT_VERSION = 5.0;
				TARGETED_DEVICE_FAMILY = "1,2";
			};
			name = Release;
		};
/* End XCBuildConfiguration section */

/* Begin XCConfigurationList section */
		BF4C193124F9573F00627D30 /* Build configuration list for PBXProject "BensAssesment6" */ = {
			isa = XCConfigurationList;
			buildConfigurations = (
				BF4C194824F9574100627D30 /* Debug */,
				BF4C194924F9574100627D30 /* Release */,
			);
			defaultConfigurationIsVisible = 0;
			defaultConfigurationName = Release;
		};
		BF4C194A24F9574100627D30 /* Build configuration list for PBXNativeTarget "BensAssesment6" */ = {
			isa = XCConfigurationList;
			buildConfigurations = (
				BF4C194B24F9574100627D30 /* Debug */,
				BF4C194C24F9574100627D30 /* Release */,
			);
			defaultConfigurationIsVisible = 0;
			defaultConfigurationName = Release;
		};
/* End XCConfigurationList section */
	};
	rootObject = BF4C192E24F9573F00627D30 /* Project object */;
}
